
Microsoft Visual Studio Solution File, Format Version 12.00
# Visual Studio Version 17
VisualStudioVersion = 17.1.32228.430
MinimumVisualStudioVersion = 10.0.40219.1
Project("{FAE04EC0-301F-11D3-BF4B-00C04F79EFBC}") = "rrwebsite", "rrwebsite\rrwebsite.csproj", "{B2D0C97C-0F3E-4D74-87AD-12B1776A2644}"
EndProject
Global
	GlobalSection(SolutionConfigurationPlatforms) = preSolution
		Debug|Any CPU = Debug|Any CPU
		Release|Any CPU = Release|Any CPU
	EndGlobalSection
	GlobalSection(ProjectConfigurationPlatforms) = postSolution
		{B2D0C97C-0F3E-4D74-87AD-12B1776A2644}.Debug|Any CPU.ActiveCfg = Debug|Any CPU
		{B2D0C97C-0F3E-4D74-87AD-12B1776A2644}.Debug|Any CPU.Build.0 = Debug|Any CPU
		{B2D0C97C-0F3E-4D74-87AD-12B1776A2644}.Release|Any CPU.ActiveCfg = Release|Any CPU
		{B2D0C97C-0F3E-4D74-87AD-12B1776A2644}.Release|Any CPU.Build.0 = Release|Any CPU
	EndGlobalSection
	GlobalSection(SolutionProperties) = preSolution
		HideSolutionNode = FALSE
	EndGlobalSection
	GlobalSection(ExtensibilityGlobals) = postSolution
		SolutionGuid = {F47E0FC0-28A4-4B95-9F8C-8505329340C0}
	EndGlobalSection
EndGlobal
